
Microsoft Visual Studio Solution File, Format Version 12.00
# Visual Studio 15
VisualStudioVersion = 15.0.28307.168
MinimumVisualStudioVersion = 10.0.40219.1
Project("{FAE04EC0-301F-11D3-BF4B-00C04F79EFBC}") = "tce", "tce\tce.csproj", "{387C6B08-AAD0-49AF-8A25-85348805EC08}"
EndProject
Global
	GlobalSection(SolutionConfigurationPlatforms) = preSolution
		Debug|Any CPU = Debug|Any CPU
		Release|Any CPU = Release|Any CPU
	EndGlobalSection
	GlobalSection(ProjectConfigurationPlatforms) = postSolution
		{387C6B08-AAD0-49AF-8A25-85348805EC08}.Debug|Any CPU.ActiveCfg = Debug|Any CPU
		{387C6B08-AAD0-49AF-8A25-85348805EC08}.Debug|Any CPU.Build.0 = Debug|Any CPU
		{387C6B08-AAD0-49AF-8A25-85348805EC08}.Release|Any CPU.ActiveCfg = Release|Any CPU
		{387C6B08-AAD0-49AF-8A25-85348805EC08}.Release|Any CPU.Build.0 = Release|Any CPU
	EndGlobalSection
	GlobalSection(SolutionProperties) = preSolution
		HideSolutionNode = FALSE
	EndGlobalSection
	GlobalSection(ExtensibilityGlobals) = postSolution
		SolutionGuid = {FBB7864D-7CFE-4734-81C3-07F093B6559D}
	EndGlobalSection
EndGlobal
